{
  "version": "3",
  "packages": {
    "specifiers": {
      "npm:reflect-metadata": "npm:reflect-metadata@0.2.1"
    },
    "npm": {
      "reflect-metadata@0.2.1": {
        "integrity": "sha512-i5lLI6iw9AU3Uu4szRNPPEkomnkjRTaVt9hy/bn5g/oSzekBSMeLZblcjP74AW0vBabqERLLIrz+gR8QYR54Tw==",
        "dependencies": {}
      }
    }
  },
  "remote": {
    "https://deno.land/std@0.64.0/_util/assert.ts": "e1f76e77c5ccb5a8e0dbbbe6cce3a56d2556c8cb5a9a8802fc9565af72462149",
    "https://deno.land/std@0.64.0/encoding/base64.ts": "79c67b8a9d911eff89cafd84749587a2851a7bb3bed4e952f6cf4c2ff97ae120",
    "https://deno.land/std@0.64.0/encoding/hex.ts": "8dc1489e66b22fec26950c7a55391b12be0d9f9a80cbc7b422700cdff85cd2f7",
    "https://deno.land/std@0.64.0/node/_util/_util_callbackify.ts": "50f980fafc0b12172ba53b26036835f55dd3296b46556a227f8616b0682179e0",
    "https://deno.land/std@0.64.0/node/_util/_util_promisify.ts": "314d3b1c53c8c2e1651ad1758094ec140c3b541f22a6b4de16ea9fbcf6930f5f",
    "https://deno.land/std@0.64.0/node/_util/_util_types.ts": "217a4c1055289f25d1dc9097638aeeb7662136d34e6f49df5f27038872dc8d6f",
    "https://deno.land/std@0.64.0/node/_utils.ts": "786b4f364609c8066dda897a9557d00c2a3a48e884ad734549c2ced692509d97",
    "https://deno.land/std@0.64.0/node/buffer.ts": "8ca99d16669100fba06d5dee340ecfb6ec19dd543020b35dcec29032039942e4",
    "https://deno.land/std@0.64.0/node/events.ts": "b9291714b6a51d2de17206f28943314672cc31ec3bc937b6045e8e731f3a8881",
    "https://deno.land/std@0.64.0/node/process.ts": "3445aa2f77c3d7cc03909c92ee7206941fde6003937b9d7629d6bd482825a500",
    "https://deno.land/std@0.64.0/node/util.ts": "2399b5b640683221cdab13ac94e0c16d62f74d5ba80ef2313aed731a9b0ab1d4",
    "https://deno.land/x/deno_validator@v0.0.5/lib/alpha.ts": "a483f81a54cde15c1b6a2cf096de3d048cd9727b768cf8c21e34ee751ac552c7",
    "https://deno.land/x/deno_validator@v0.0.5/lib/blacklist.ts": "cce590bbed4fd6440e089ee546f8c546dc0597759f415bb9cfc7d4554bdd6ebe",
    "https://deno.land/x/deno_validator@v0.0.5/lib/contains.ts": "bbb8348e1a64cfc0bd7c5bd162194cfa8ce3fa20e99284395ec12656aff977e1",
    "https://deno.land/x/deno_validator@v0.0.5/lib/equals.ts": "5f68b35da71e61d579c8fa7916882c89510181ae602addfc3ccf24b33e795f90",
    "https://deno.land/x/deno_validator@v0.0.5/lib/escape.ts": "e1bc2d2028747d7435779aa6c4d84677035b32dc620ac87794ae959efb9c4649",
    "https://deno.land/x/deno_validator@v0.0.5/lib/isAfter.ts": "bd2312eea2e126726488668eee20847941a166b56108ffba458fbc8988b72acb",
    "https://deno.land/x/deno_validator@v0.0.5/lib/isAlpha.ts": "fcc21627e5566fa3352a769009a31216d759f789906a16c2343d06e4bb8fb7a5",
    "https://deno.land/x/deno_validator@v0.0.5/lib/isAlphanumeric.ts": "1cda619d4e043b6cfead1259dfad63531eb19bff01170e8018f2a4423c627c27",
    "https://deno.land/x/deno_validator@v0.0.5/lib/isAscii.ts": "a7b0d1876bcd1326aa7c9d86b262407802178a007e6408005456c63ab3de13e6",
    "https://deno.land/x/deno_validator@v0.0.5/lib/isBIC.ts": "a7615244c93dd4fbd1a96f4d4b0806d182e8c07d6cc911ceee910fcbe1bc0151",
    "https://deno.land/x/deno_validator@v0.0.5/lib/isBase32.ts": "84712bc4de13190e2c3f7a3af401f859765c5096d92ee84ea22e870c9bd27b1d",
    "https://deno.land/x/deno_validator@v0.0.5/lib/isBase58.ts": "fe400e80fc86b68b5046b690fd13e6c3c0e47cef08d5622e91a2cc27db883ea1",
    "https://deno.land/x/deno_validator@v0.0.5/lib/isBase64.ts": "f83efaccad11ee9035110b742403b99ac23c3d59e661f9904d48544904a5e73c",
    "https://deno.land/x/deno_validator@v0.0.5/lib/isBefore.ts": "526f0896d310e690e5e503437792abfe17c469ab4967f5d5daa751afe13ad3f5",
    "https://deno.land/x/deno_validator@v0.0.5/lib/isBoolean.ts": "a6122d55420776e6f06120aaa1ad75057c7efaefc9457465db8b911843d0ce19",
    "https://deno.land/x/deno_validator@v0.0.5/lib/isBtcAddress.ts": "496f6f2a01fac00206698f988932df9007c59924705fd4e1ad3e473be69a9f66",
    "https://deno.land/x/deno_validator@v0.0.5/lib/isByteLength.ts": "8e9dd0e6603bc0dd8249a2c02a007fd87b4005675d433d71a7b7061d588a5f63",
    "https://deno.land/x/deno_validator@v0.0.5/lib/isCreditCard.ts": "10be8b2184d603070e67c8b427d4c8b2c2f8516bc9d023ee92a114900abaf54e",
    "https://deno.land/x/deno_validator@v0.0.5/lib/isCurrency.ts": "b48caec2e5b6f7b90564609da264a350ce0dc44291f4633576b25227a00cc13b",
    "https://deno.land/x/deno_validator@v0.0.5/lib/isDataURI.ts": "b95e4153ad9021f0786d13ac3f87757a6630b3b8374fa9fb4c11004f0d65e242",
    "https://deno.land/x/deno_validator@v0.0.5/lib/isDate.ts": "a40557b905c88189c9ed3bff85b2692523149317363ce97bc119a951d6910bc6",
    "https://deno.land/x/deno_validator@v0.0.5/lib/isDecimal.ts": "3dd3cdc5b5964150304c7f30d9632908160e2efb7ffa94aa46cd14f98be8bc59",
    "https://deno.land/x/deno_validator@v0.0.5/lib/isDivisibleBy.ts": "0e9d78ce0db5626ed7368ba301fc000351fe17a825f7f295149462aea9bcecdb",
    "https://deno.land/x/deno_validator@v0.0.5/lib/isEAN.ts": "ff19c61ee0a7910959a82ccb8d2dd087070e73e8eaf3a31c975ace545fbfb677",
    "https://deno.land/x/deno_validator@v0.0.5/lib/isEmail.ts": "ee7cd2ffa25483d226eb0486458ce375610d6a6a83bdcf8e2e3683f9de08de62",
    "https://deno.land/x/deno_validator@v0.0.5/lib/isEmpty.ts": "639e5bcf7158ae1cce08e40eeaeb9095d0855f5e53cac53ca800614f69cfb816",
    "https://deno.land/x/deno_validator@v0.0.5/lib/isEthereumAddress.ts": "d0e6a29d340312cd92c74a6f9dd9a86dec4b40025404b6c4cbca3e9621aca9ba",
    "https://deno.land/x/deno_validator@v0.0.5/lib/isFQDN.ts": "0d2ef39cad476a7417203333007944569d30e0caab97e89954d6aa447cecb955",
    "https://deno.land/x/deno_validator@v0.0.5/lib/isFloat.ts": "b40e918ecfee3420c8ba0b0c5cf733956386127db66e4aeffdc9b7d0a5b59b5f",
    "https://deno.land/x/deno_validator@v0.0.5/lib/isFullWidth.ts": "89e24bfb48cedc59ed2d3abd727acdde711666049a1a9f4d8a6e0d1f238462f7",
    "https://deno.land/x/deno_validator@v0.0.5/lib/isHSL.ts": "9ec15c062cff09adca1d32869f48073612f1ab521474c3004db968576fe850fa",
    "https://deno.land/x/deno_validator@v0.0.5/lib/isHalfWidth.ts": "8fc30fce28e3e8f6f73c604371a2349162bd05e8632b2040529fae8ec030205c",
    "https://deno.land/x/deno_validator@v0.0.5/lib/isHash.ts": "78f829f59c26a8172ea9c944b351c444fa658ee45705a19a33502d84b9137c22",
    "https://deno.land/x/deno_validator@v0.0.5/lib/isHexColor.ts": "f9fb512bb94265190d799b6caa97375c550c4c43bcc47fbc980f37889645743a",
    "https://deno.land/x/deno_validator@v0.0.5/lib/isHexadecimal.ts": "399d7d395a709e127746343368d8ecb4f5886bf7f3089a6876058f78ee3d25b6",
    "https://deno.land/x/deno_validator@v0.0.5/lib/isIBAN.ts": "b218ac0e1c989b2dfcb32d04023a05a44383a270aac79fc7d9867c5b198ccc92",
    "https://deno.land/x/deno_validator@v0.0.5/lib/isIMEI.ts": "c44d58e819c97c1c47c5a6458d8f7d4f877caf3cb65cae900151bbef19cd630b",
    "https://deno.land/x/deno_validator@v0.0.5/lib/isIP.ts": "f4ae050be3765dba47ae8c157c9308c3f1fc43d46ba2fe2b3b3b61d0351fa425",
    "https://deno.land/x/deno_validator@v0.0.5/lib/isIPRange.ts": "8b8277ceea00475794d33bbcda97d11a5ec7827372774dc442e60de6474e4fff",
    "https://deno.land/x/deno_validator@v0.0.5/lib/isISBN.ts": "9b2f85e41aca70e27bd0e419ed794e6c033039cb5d18a02a2c36a0222e7a5ab7",
    "https://deno.land/x/deno_validator@v0.0.5/lib/isISIN.ts": "2498e76d36937e23abf30e00733dbf4880aebf8e6499ec10e6b5747593f9ba99",
    "https://deno.land/x/deno_validator@v0.0.5/lib/isISO31661Alpha2.ts": "0b004a1eb7b22af353e016609002521d0cd1216774c0944645ff6aa1d9f77104",
    "https://deno.land/x/deno_validator@v0.0.5/lib/isISO31661Alpha3.ts": "199f4ecff60e68490e06432e2105bb7dd95be437665c3d323046ab2189ae7654",
    "https://deno.land/x/deno_validator@v0.0.5/lib/isISO8601.ts": "c3a97766296a0ce0ea33f2df485d0d8d429b3130ba8121029811958dd1e6fe52",
    "https://deno.land/x/deno_validator@v0.0.5/lib/isISRC.ts": "7750a076cc70b365047a78c0b5f4e19f60d7599464679e3263f99c17505dd425",
    "https://deno.land/x/deno_validator@v0.0.5/lib/isISSN.ts": "d6a243eb2561acc52c33e10670e137b6111e05130fd944c16be59f821ac93955",
    "https://deno.land/x/deno_validator@v0.0.5/lib/isIdentityCard.ts": "32b522ef8cbd1bf2ff224da8a3382fd12162d0ff5011149490672c2b7ed7abcd",
    "https://deno.land/x/deno_validator@v0.0.5/lib/isIn.ts": "9e4574641892f2b68c7397f54fadfed071a412449471f53723ff309cbca935c5",
    "https://deno.land/x/deno_validator@v0.0.5/lib/isInt.ts": "e82fc8a1015fb2e3bfd11907840d2a4f483a091fe5777039aabf24a3464f957e",
    "https://deno.land/x/deno_validator@v0.0.5/lib/isJSON.ts": "402b878120112d88279244654f52deaa67fa5fd7b69b379f37c10858c07ec240",
    "https://deno.land/x/deno_validator@v0.0.5/lib/isJWT.ts": "08d9b7721e8af6a41f26a8bb730a9795f8c0b2d97e71b79a17e43ba526b693c7",
    "https://deno.land/x/deno_validator@v0.0.5/lib/isLatLong.ts": "725544a1044fe67834fab5b93f8e58c641ded42731e532330bc9802f9bb7bb99",
    "https://deno.land/x/deno_validator@v0.0.5/lib/isLength.ts": "d70e36c3ba6fe4dcdaca621ebdde4ebfdf9ec94b7cc29e60fc5c3b3c1d81baf5",
    "https://deno.land/x/deno_validator@v0.0.5/lib/isLicensePlate.ts": "744e7b0c7b03e0ea3644771b6ee37dd9cd39ebedad2d5d66415273bdc16b852b",
    "https://deno.land/x/deno_validator@v0.0.5/lib/isLocale.ts": "1180ef954a5696e0495983f663053e4b2b797bbb32194833702fd976f01f5c42",
    "https://deno.land/x/deno_validator@v0.0.5/lib/isLowercase.ts": "dde842901930d99a0714ce9dc343a77fde64c0a15f93c32000483bed2db6c54d",
    "https://deno.land/x/deno_validator@v0.0.5/lib/isMACAddress.ts": "83258726e09ff8518315f8a470482ddb298a57bd6c5c89fcd0303b9e06ed77cc",
    "https://deno.land/x/deno_validator@v0.0.5/lib/isMD5.ts": "ab31abc95baae3be16f68bb2883907834d50178d8f1a25849ff81fe3e5baed40",
    "https://deno.land/x/deno_validator@v0.0.5/lib/isMagnetURI.ts": "d9ca77177128f1196217be98f20012f0b886b8c07c01aeaf5cd2e95a1058fe0e",
    "https://deno.land/x/deno_validator@v0.0.5/lib/isMimeType.ts": "cc869d7c255c0dc68ae0430af7222a8fa42e2dfbb81c99a143c59e145752e5c2",
    "https://deno.land/x/deno_validator@v0.0.5/lib/isMobilePhone.ts": "b32c598f74058de350ae5545e145af3e8a0b4f263f8054064803242cf7c59ef7",
    "https://deno.land/x/deno_validator@v0.0.5/lib/isMongoId.ts": "6cd94c171c9e4db461946f620cc628c03479c02c17d84cf32d45a32b296ad215",
    "https://deno.land/x/deno_validator@v0.0.5/lib/isMultibyte.ts": "23bcc0afc69b2aa1ee04346a4160c9f34f7d84cd4f5404b75d7e21fb2f740e39",
    "https://deno.land/x/deno_validator@v0.0.5/lib/isNumeric.ts": "27c9f08d0c0c7b3151b8ff8f73dec73c1e2defc6a3850ab4c02ccfd27402d447",
    "https://deno.land/x/deno_validator@v0.0.5/lib/isOctal.ts": "e605fb75e0eac6762b2d3cffe73fa74ebd6d1a02462eec7aef1342c9d3d67098",
    "https://deno.land/x/deno_validator@v0.0.5/lib/isPassportNumber.ts": "6e1bba649b62be8774968401b64558c595cf7d40eeba0058e1f7c26c023fe959",
    "https://deno.land/x/deno_validator@v0.0.5/lib/isPort.ts": "9442a45ea815432ac2c23f3a564fdd2dfb5c217b5e413c3f121fc58174b5dbf4",
    "https://deno.land/x/deno_validator@v0.0.5/lib/isPostalCode.ts": "6176b50f804bc8d614222d529884f5c2486fcbb8a4a7667497657c2d98e71721",
    "https://deno.land/x/deno_validator@v0.0.5/lib/isRFC3339.ts": "77cb221aa4f243cf7e0b2350b772061ec3fcfcb2ac02ca5ffcfac9bf9ea935ec",
    "https://deno.land/x/deno_validator@v0.0.5/lib/isRgbColor.ts": "2284af7ebc9d912a69ca3b3e4a1496a033f35632c5c8ffe342d858538a3c9f8b",
    "https://deno.land/x/deno_validator@v0.0.5/lib/isSemVer.ts": "c7d6a52b538bdcec0bb492437e9d26696950ea7c69cc4831244aa8edb6713939",
    "https://deno.land/x/deno_validator@v0.0.5/lib/isSlug.ts": "3baf592840c8ffa0bd780eb98f636d44167132320f559fb0ae4adfea661b36a5",
    "https://deno.land/x/deno_validator@v0.0.5/lib/isStrongPassword.ts": "8906da6c98ea6de6fc1ab3f9db6a87186b5e7eab3b2c46706b5d21d447bf655c",
    "https://deno.land/x/deno_validator@v0.0.5/lib/isSurrogatePair.ts": "1f64ecdfe377bedf3aa581c173cab30fda68e864587f2a39a2fbf852558ae68c",
    "https://deno.land/x/deno_validator@v0.0.5/lib/isTaxID.ts": "9d5dbe4b016d7d0534b2157ac723d36b0a1fd56b1a55a5437c3f98246f257251",
    "https://deno.land/x/deno_validator@v0.0.5/lib/isURL.ts": "df82bf9a9bd4d5855cfb1f99f2003d8299b1f4b8993e28c4c711f8793598d408",
    "https://deno.land/x/deno_validator@v0.0.5/lib/isUUID.ts": "8afd7e6f387e5e98de110ba462d5159835df4846a5445dab3b3d1ceda1765f04",
    "https://deno.land/x/deno_validator@v0.0.5/lib/isUppercase.ts": "c7d85a8bee130268711135829cce84a648367496498bded78b71359ddc9a0148",
    "https://deno.land/x/deno_validator@v0.0.5/lib/isVAT.ts": "a4d958b22328396e9f49e538074fe0f48f858afac577ff7c9f0a7913728b84a8",
    "https://deno.land/x/deno_validator@v0.0.5/lib/isVariableWidth.ts": "1d97d43b26287a05927be60811bde0bfc59898ef11f788754528393315ac3707",
    "https://deno.land/x/deno_validator@v0.0.5/lib/isWhitelisted.ts": "5d0b7e6798ef5b53f887a7a16edf200feb870067f6a569bef4ab82f16f5a84ef",
    "https://deno.land/x/deno_validator@v0.0.5/lib/ltrim.ts": "47d5bc73e201649587306b293ac3b3185831f8165622a6d75958febec4e58e78",
    "https://deno.land/x/deno_validator@v0.0.5/lib/matches.ts": "2bb064140038cf3fa8d9ba4fe8ec6c945eed8eac239542dbb063af47ab9cc053",
    "https://deno.land/x/deno_validator@v0.0.5/lib/normalizeEmail.ts": "6aac16c7aafcb8e862fc835faf8a9cbc2296f25d579f647cda3848bcfdcbe576",
    "https://deno.land/x/deno_validator@v0.0.5/lib/rtrim.ts": "70f15d945370267704275e1dd8672fe13721a8e11327b9682acee8cf35ae02e4",
    "https://deno.land/x/deno_validator@v0.0.5/lib/stripLow.ts": "3c4101b3d1c8d263d3bde486515d1d0f192e945df39dddd891e51df0a8943718",
    "https://deno.land/x/deno_validator@v0.0.5/lib/toBoolean.ts": "c5afbd2e6639715c47f6d82f2e9472e84a6b317af42e6bf1c9aaa0ab309ff1ff",
    "https://deno.land/x/deno_validator@v0.0.5/lib/toDate.ts": "4e7f4af8a8721771fc90e0f90cfeae101895a5cb936f8908173afa8b5ac6d1a0",
    "https://deno.land/x/deno_validator@v0.0.5/lib/toFloat.ts": "187248350b4f0c10744e3fbb092258b745e4239c37fe430728a9cb6657cbcc95",
    "https://deno.land/x/deno_validator@v0.0.5/lib/toInt.ts": "a6da3c2fa3e0608b13588f1a7731f180212408cc33bc287524ca7874cdd29871",
    "https://deno.land/x/deno_validator@v0.0.5/lib/trim.ts": "d6e07cf36dc2d042e3848e317274775edfdcf206837aac9ee32f488a61b50e7b",
    "https://deno.land/x/deno_validator@v0.0.5/lib/unescape.ts": "5988cfca0cdaef152acab93626e501d1fee5f9bcb758d3d6aa8d7f2b473ff469",
    "https://deno.land/x/deno_validator@v0.0.5/lib/util/algorithms.ts": "4f2ca31bb15be4f1b0cabb4e4694be4e26a75123440dddbb2d26ebb1c05da3e5",
    "https://deno.land/x/deno_validator@v0.0.5/lib/util/assertString.ts": "9c3f58faa05bc3a2126207d53a33f4847d4da131a83827e2ff09429cfb8177c9",
    "https://deno.land/x/deno_validator@v0.0.5/lib/util/includes.ts": "c1ee01659a50e350e187f12d32b4f61acb38b0e745d6b888378ccd1bb8c73fa6",
    "https://deno.land/x/deno_validator@v0.0.5/lib/util/merge.ts": "d365c8fca7a9a096c8a9cf36b2d3dcf788bb62dd982734cd9aefadeb77e63783",
    "https://deno.land/x/deno_validator@v0.0.5/lib/util/multilineRegex.ts": "576a32538e4baa9fae006bda93313599a02da00e0ec452a500769e1ccfee7ab6",
    "https://deno.land/x/deno_validator@v0.0.5/lib/util/toString.ts": "d1521f4f537b6c7a3e84c6798f5cbe8f412470d9abb8ece43cbed17493ca2c7c",
    "https://deno.land/x/deno_validator@v0.0.5/lib/whitelist.ts": "6a93eebaf03491c61cbb07c6357f9aa263bc5436d098f230c729d8158f2b578d",
    "https://deno.land/x/deno_validator@v0.0.5/mod.ts": "bfaaca0fd0f2e7e5f1b3f5aac25e4fac4371d1684c3c09b724649cde3f6294f6",
    "https://deno.land/x/hono@v3.7.6/client/client.ts": "ff340f58041203879972dd368b011ed130c66914f789826610869a90603406bf",
    "https://deno.land/x/hono@v3.7.6/client/index.ts": "3ff4cf246f3543f827a85a2c84d66a025ac350ee927613629bda47e854bfb7ba",
    "https://deno.land/x/hono@v3.7.6/client/utils.ts": "053273c002963b549d38268a1b423ac8ca211a8028bdab1ed0b781a62aa5e661",
    "https://deno.land/x/hono@v3.7.6/compose.ts": "e55ed7be2134f363ff3c8e8e2f520ff682c6a11a47d7189100ed69704ce10b9e",
    "https://deno.land/x/hono@v3.7.6/context.ts": "5bf774a7c16979c9a34e638b4dcab325ce40f9efad0e59300e47cfa079c49963",
    "https://deno.land/x/hono@v3.7.6/helper/cookie/index.ts": "55ccd20bbd8d9a8bb2ecd998e90845c1d306c19027f54b3d1b89a5be35968b80",
    "https://deno.land/x/hono@v3.7.6/hono-base.ts": "e864267f6c267f9f8f58ad0f7e3699d7b9246c5332b49bfb650c6a024db30493",
    "https://deno.land/x/hono@v3.7.6/hono.ts": "4bb8574697129ccab8b3a0e457cdc78468c31e3330fece8a7d8850e9314bf5ef",
    "https://deno.land/x/hono@v3.7.6/http-exception.ts": "6071df078b5f76d279684d52fe82a590f447a64ffe1b75eb5064d0c8a8d2d676",
    "https://deno.land/x/hono@v3.7.6/mod.ts": "90114a97be9111b348129ad0143e764a64921f60dd03b8f3da529db98a0d3a82",
    "https://deno.land/x/hono@v3.7.6/request.ts": "90886a74720b882c6567f04ea840dfc4a084c8d7eaea4acc7966c2d333c374a0",
    "https://deno.land/x/hono@v3.7.6/router.ts": "d03e2a9e862c898e8555b451ba80c65b1f39d487230815229e1f046dbd8546cb",
    "https://deno.land/x/hono@v3.7.6/router/linear-router/index.ts": "8a2a7144c50b1f4a92d9ee99c2c396716af144c868e10608255f969695efccd0",
    "https://deno.land/x/hono@v3.7.6/router/linear-router/router.ts": "90d4afc052b72f53dafbcf97fd32f24299b985f8a35dbdc70b28048201b3dcbc",
    "https://deno.land/x/hono@v3.7.6/router/pattern-router/index.ts": "304a66c50e243872037ed41c7dd79ed0c89d815e17e172e7ad7cdc4bc07d3383",
    "https://deno.land/x/hono@v3.7.6/router/pattern-router/router.ts": "8107b92cb713ba3727639c76fab44fd26883d5f2fa7dd39242150a0f269d4835",
    "https://deno.land/x/hono@v3.7.6/router/reg-exp-router/index.ts": "52755829213941756159b7a963097bafde5cc4fc22b13b1c7c9184dc0512d1db",
    "https://deno.land/x/hono@v3.7.6/router/reg-exp-router/node.ts": "8006b5bccb83d9fc98e0562a5545f6dd0be639ce445b089a6171c9c617aa8693",
    "https://deno.land/x/hono@v3.7.6/router/reg-exp-router/router.ts": "aeddd88e16a7ec3cf088a13ee952cfcb3319f97559767253e1a600f72fc70f27",
    "https://deno.land/x/hono@v3.7.6/router/reg-exp-router/trie.ts": "567493b301c44174f0895aedb8d055bbecf88f8a25626fa8ca61333bbd0c882c",
    "https://deno.land/x/hono@v3.7.6/router/smart-router/index.ts": "74f9b4fe15ea535900f2b9b048581915f12fe94e531dd2b0032f5610e61c3bef",
    "https://deno.land/x/hono@v3.7.6/router/smart-router/router.ts": "38209165dadea4182b42807a0a6c84a9258532a07ebf87262dc2b5b09d25a2a2",
    "https://deno.land/x/hono@v3.7.6/router/trie-router/index.ts": "3eb75e7f71ba81801631b30de6b1f5cefb2c7239c03797e2b2cbab5085911b41",
    "https://deno.land/x/hono@v3.7.6/router/trie-router/node.ts": "a52111dea7436d6817ffca04018eb65e552e9d7b15fba11b367016334dcb1b0f",
    "https://deno.land/x/hono@v3.7.6/router/trie-router/router.ts": "ad0b3fdabc33abd11a9f5819734aec743602a743cfc9f90ddad73787cd5e7727",
    "https://deno.land/x/hono@v3.7.6/types.ts": "39a8da6008d4574abc81e99a8a1e8347b67abdc3ef4e78e60268c2a6695a0d65",
    "https://deno.land/x/hono@v3.7.6/utils/body.ts": "fcf3cfa5f6775f5873546e183e606da1faeb06db6578f744341fedcb4b21ac4e",
    "https://deno.land/x/hono@v3.7.6/utils/buffer.ts": "9066a973e64498cb262c7e932f47eed525a51677b17f90893862b7279dc0773e",
    "https://deno.land/x/hono@v3.7.6/utils/cookie.ts": "19920ba6756944aae1ad8585c3ddeaa9df479733f59d05359db096f7361e5e4b",
    "https://deno.land/x/hono@v3.7.6/utils/crypto.ts": "bda0e141bbe46d3a4a20f8fbcb6380d473b617123d9fdfa93e4499410b537acc",
    "https://deno.land/x/hono@v3.7.6/utils/stream.ts": "1789dcc73c5b0ede28f83d7d34e47ae432c20e680907cb3275a9c9187f293983",
    "https://deno.land/x/hono@v3.7.6/utils/url.ts": "5fc3307ef3cb2e6f34ec2a03e3d7f2126c6a9f5f0eab677222df3f0e40bd7567",
    "https://deno.land/x/hono@v3.7.6/validator/index.ts": "6c986e8b91dcf857ecc8164a506ae8eea8665792a4ff7215471df669c632ae7c",
    "https://deno.land/x/hono@v3.7.6/validator/validator.ts": "afa5e52495e0996fbba61996736fab5c486590d72d376f809e9f9ff4e0c463e9",
    "https://deno.land/x/node_buffer@1.1.0/index.ts": "9ecfca6a749c4dd35fcf2715b14e5222006b3e9fce97e5dded617b197f56ca0b",
    "https://deno.land/x/node_buffer@1.1.0/mod.ts": "64e55237cb4410e17d968cd08975566059f27638ebb0b86048031b987ba251c4",
    "https://deno.land/x/node_buffer@1.1.0/src/base64.js": "685cc3c0a719c6d311b51d2502c96df491cc063107699a5e23488226a2d7eb8e",
    "https://deno.land/x/node_buffer@1.1.0/src/buffer.js": "369dacab367a209cde2675bc0be1acddff9580f38e7947215429a9a8eaafff79",
    "https://deno.land/x/node_buffer@1.1.0/src/ieee754.js": "3ef200944676f0b1f2f5661be0782b93704c2356126fac10db1605dc5e976d7e",
    "https://deno.land/x/readable_stream@v3.6.0-deno.0.3.0/Interfaces.ts": "b74f0318668ec018b536af5e83da836ceb5de85cdf56500ad8c7c003e7224771",
    "https://deno.land/x/readable_stream@v3.6.0-deno.0.3.0/_stream_duplex.ts": "851df45e32219007f1e72cf449bbe53fa4298242a9b9e75386ff08c270f03463",
    "https://deno.land/x/readable_stream@v3.6.0-deno.0.3.0/_stream_passthrough.ts": "16be9bdffcc72da7163ec4f27b431b54d0410585e20e3399e1f6a6b3ed4ab2c3",
    "https://deno.land/x/readable_stream@v3.6.0-deno.0.3.0/_stream_readable.ts": "a3c0d02c93b2f6ff32f71a8203d586735fce0d18a925ef705e27765738d50d78",
    "https://deno.land/x/readable_stream@v3.6.0-deno.0.3.0/_stream_transform.ts": "55cbd63a1cfbc6b4ab19a0df4ef0aea407660043feafe29f478fac66ce67b751",
    "https://deno.land/x/readable_stream@v3.6.0-deno.0.3.0/_stream_writable.ts": "16486a6da9af705830e0061160095e83705583812b45c431f9b2a5744b7555ea",
    "https://deno.land/x/readable_stream@v3.6.0-deno.0.3.0/errors.ts": "76652c0ba4f7769224c96983cb41ac6aec4e4c063764d0f3e4256fc10a934b0d",
    "https://deno.land/x/readable_stream@v3.6.0-deno.0.3.0/internal/inherits.ts": "68d9400434449621fa1f6272c43e5420af51c0e3f1f063cf7e445bab3fe2fd5d",
    "https://deno.land/x/readable_stream@v3.6.0-deno.0.3.0/internal/next_tick.ts": "490e2347353223fcd2155577e914870b886efbea8a5de3f78fdbc9eac9b414b9",
    "https://deno.land/x/readable_stream@v3.6.0-deno.0.3.0/internal/streams/async_iterator.ts": "22f8fdd063ca790b10e9fd5c7fc1775ec3a53b45dc46bc90177396617c611ccb",
    "https://deno.land/x/readable_stream@v3.6.0-deno.0.3.0/internal/streams/buffer_list.ts": "83150fa908a0c316272f99bf4f55e90304c6e15c47df485edc200158cd36fdab",
    "https://deno.land/x/readable_stream@v3.6.0-deno.0.3.0/internal/streams/destroy.ts": "9afbdd864772c297122247047f4146c49a35129fc2e67f0ed7b1d4fee4183640",
    "https://deno.land/x/readable_stream@v3.6.0-deno.0.3.0/internal/streams/end-of-stream.ts": "3f3db6212d50e9912871913817186245f52df357ff98b529f623d572407026e7",
    "https://deno.land/x/readable_stream@v3.6.0-deno.0.3.0/internal/streams/from.ts": "4e71b0c7414e6dea3b97386f94501592bd0a0fceca74f743eb1b7e6167ed949a",
    "https://deno.land/x/readable_stream@v3.6.0-deno.0.3.0/internal/streams/state.ts": "8cdcf91bf468f3fcddfee4d7655333100673a2bd516acfc03a795cb9c23e19ec",
    "https://deno.land/x/readable_stream@v3.6.0-deno.0.3.0/internal/streams/stream.ts": "b9fc2a151c7ba6c12770db2e32d737b4cd14de62ee8a4d4fbdc9576cb14b7757",
    "https://deno.land/x/readable_stream@v3.6.0-deno.0.3.0/internal/string_decoder.ts": "8b076a63a213d16b8bbe08759ccfbe0e360b07b79182298ef9ae8eb2fc0336d3",
    "https://deno.land/x/readable_stream@v3.6.0-deno.0.3.0/internal/util_deprecate.ts": "b9c8b968d60d871c886bbbd00404502b28dbf8c98cb17aba1ea831f18fa1a044",
    "https://deno.land/x/readable_stream@v3.6.0-deno.0.3.0/mod.ts": "38933ae14b80a5f9f350fe108b19deb551181a8917e63de89b48f1003bef3f6e",
    "https://deno.land/x/readable_stream@v3.6.0-deno.0.3.0/readable.ts": "d8e6c39c321c92147b1ce69b7b259de872dd5f71c25453cd80d2652f9b2924b6",
    "https://deno.land/x/tsoa_runtime@v6.1.5.0/config.ts": "dc101585cd8b7f6c56e4256354d13991f356af2c30a9e9ed948bf22bbc78149d",
    "https://deno.land/x/tsoa_runtime@v6.1.5.0/decorators/deprecated.ts": "ced7fd749e58b7024de8f4ff95ccfb74a314bf86dfaf0d9abd6c8579834f958f",
    "https://deno.land/x/tsoa_runtime@v6.1.5.0/decorators/example.ts": "868a0ff4b50126c8b518020141aec39e2d2604ce34dfc83452108813c243380d",
    "https://deno.land/x/tsoa_runtime@v6.1.5.0/decorators/extension.ts": "7471f738ced66e96db5f80e2a2dc0e8eeda13afe17fe0d5766b80f3f42cc57d4",
    "https://deno.land/x/tsoa_runtime@v6.1.5.0/decorators/methods.ts": "30fa226559458a5a41d86388d5f39ececd83a1eaa45f7bbf8f242bd7e98c01ba",
    "https://deno.land/x/tsoa_runtime@v6.1.5.0/decorators/middlewares.ts": "a87a1a390ad550c9582282a825844f968e25252da0c4f238d2050d1a68bd0673",
    "https://deno.land/x/tsoa_runtime@v6.1.5.0/decorators/operationid.ts": "b1806fa4ee359352117a327b5a015877c7ae12542c30272a20b1b8ce534d8f77",
    "https://deno.land/x/tsoa_runtime@v6.1.5.0/decorators/parameter.ts": "a059373f97173121d7f5e0ebfc9ac00026fab9baa75909dca6ee04e42a4e2258",
    "https://deno.land/x/tsoa_runtime@v6.1.5.0/decorators/response.ts": "d2ef02df8add50a304d34c754badf0df8d66f2c6820cca7d38c4397dd5630bf6",
    "https://deno.land/x/tsoa_runtime@v6.1.5.0/decorators/route.ts": "bf7d23bf3e5713e695610c628565ed3749cb97974c2db1c4250898f925300253",
    "https://deno.land/x/tsoa_runtime@v6.1.5.0/decorators/security.ts": "35122cb38e0b81f05427c5385cba7d9a2c5d5ec0025c62eb7266bbd482d398ae",
    "https://deno.land/x/tsoa_runtime@v6.1.5.0/decorators/tags.ts": "61c01dbe0bbc113b110771e55b90eb7899046d8f3a222855191b2ca3ad2fe418",
    "https://deno.land/x/tsoa_runtime@v6.1.5.0/index.ts": "7e553a9b332a2ca0115de494d47b1dea65c0f2ba0e6b6bb600b1df48d868d6b6",
    "https://deno.land/x/tsoa_runtime@v6.1.5.0/interfaces/controller.ts": "88f7d2775c3549734e43200145e73de72c6561c81697a37a71eabcf8c2cb8664",
    "https://deno.land/x/tsoa_runtime@v6.1.5.0/interfaces/file.ts": "02ab75b27be6aec3ebdacb16db5a558aaa48d6af70040b0140789a95d51069cb",
    "https://deno.land/x/tsoa_runtime@v6.1.5.0/interfaces/iocModule.ts": "9b65739e367a687bfed87d93b6c245caf93c227f716a9e7f0d5c538e3a2aeae5",
    "https://deno.land/x/tsoa_runtime@v6.1.5.0/interfaces/response.ts": "330da82933bc4862c6dc42942fb5406b8992ef04ad06ca5e5f6d321e2032de03",
    "https://deno.land/x/tsoa_runtime@v6.1.5.0/metadataGeneration/tsoa.ts": "d0623e11815db9da592f77097e4d85223b46634a4036fb60a5d332fa657046a7",
    "https://deno.land/x/tsoa_runtime@v6.1.5.0/mod.ts": "882e3724ca160624f934070ead4633e971f81a90dcedc03a428f20769e96307b",
    "https://deno.land/x/tsoa_runtime@v6.1.5.0/routeGeneration/additionalProps.ts": "32053dd82fd9f4112a94e2cb41eb45ef36bd37bb537581f77712da70affd6c16",
    "https://deno.land/x/tsoa_runtime@v6.1.5.0/routeGeneration/templateHelpers.ts": "f3001c9541b04780ce8f1da628b617ee5e7087d7b3d18b28f6a542ccd36e4d5f",
    "https://deno.land/x/tsoa_runtime@v6.1.5.0/routeGeneration/templates/hono/honoTemplateService.ts": "075be3490d218f85f4dc95cd3d07d239d31c8108f3a3c02364dba8e4b1e1b8f5",
    "https://deno.land/x/tsoa_runtime@v6.1.5.0/routeGeneration/templates/index.ts": "e734c2018ab2effb7ec229abb09a29775412b7611d58d6f392870985c825d76e",
    "https://deno.land/x/tsoa_runtime@v6.1.5.0/routeGeneration/templates/templateService.ts": "a5d1f6c3945514eea0b7849f636971b91bc106fa00a399ead6d461bd3318ddbf",
    "https://deno.land/x/tsoa_runtime@v6.1.5.0/routeGeneration/tsoa-route.ts": "8cb5bab104a14f4cddc7986099b3bc658e4b6fb78599062d58deb30b647be1b7",
    "https://deno.land/x/tsoa_runtime@v6.1.5.0/swagger/swagger.ts": "6f57f83c91d6146bbf042e7c037a17f54712bb368a5f3c8480fc82ef174e3fac",
    "https://deno.land/x/tsoa_runtime@v6.1.5.0/utils/assertNever.ts": "159df88c0fe899249016223a11b13f9958a010b5206aef12f3627d989c57f16b",
    "https://deno.land/x/tsoa_runtime@v6.1.5.0/utils/isHeaderType.ts": "79219cae18b0cdbf9477e5d0c7e34394ed0abfdf5f4868bcb59e82323e2d81cb"
  },
  "workspace": {
    "packageJson": {
      "dependencies": [
        "npm:concurrently@^8.2.2",
        "npm:nodemon@^3.1.0",
        "npm:tsoa-deno@^6.1.0-rc.3"
      ]
    }
  }
}
